
Microsoft Visual Studio Solution File, Format Version 12.00
# Visual Studio 15
VisualStudioVersion = 15.0.26403.0
MinimumVisualStudioVersion = 10.0.40219.1
Project("{FAE04EC0-301F-11D3-BF4B-00C04F79EFBC}") = "F1ResultsAssistant", "F1ResultsAssistant\F1ResultsAssistant.csproj", "{E00199D7-08EF-4795-9283-F686F434A18C}"
EndProject
Global
	GlobalSection(SolutionConfigurationPlatforms) = preSolution
		Debug|Any CPU = Debug|Any CPU
		Release|Any CPU = Release|Any CPU
	EndGlobalSection
	GlobalSection(ProjectConfigurationPlatforms) = postSolution
		{E00199D7-08EF-4795-9283-F686F434A18C}.Debug|Any CPU.ActiveCfg = Debug|Any CPU
		{E00199D7-08EF-4795-9283-F686F434A18C}.Debug|Any CPU.Build.0 = Debug|Any CPU
		{E00199D7-08EF-4795-9283-F686F434A18C}.Release|Any CPU.ActiveCfg = Release|Any CPU
		{E00199D7-08EF-4795-9283-F686F434A18C}.Release|Any CPU.Build.0 = Release|Any CPU
	EndGlobalSection
	GlobalSection(SolutionProperties) = preSolution
		HideSolutionNode = FALSE
	EndGlobalSection
EndGlobal
